
Microsoft Visual Studio Solution File, Format Version 12.00
# Visual Studio Version 16
VisualStudioVersion = 16.0.35425.106
MinimumVisualStudioVersion = 10.0.40219.1
Project("{FAE04EC0-301F-11D3-BF4B-00C04F79EFBC}") = "E-Commerce_Project_CRUD_Dapper", "E-Commerce_Project_CRUD_Dapper.csproj", "{56E7D588-A0F9-4359-98B2-610E8EEADD4F}"
EndProject
Global
	GlobalSection(SolutionConfigurationPlatforms) = preSolution
		Debug|Any CPU = Debug|Any CPU
		Release|Any CPU = Release|Any CPU
	EndGlobalSection
	GlobalSection(ProjectConfigurationPlatforms) = postSolution
		{56E7D588-A0F9-4359-98B2-610E8EEADD4F}.Debug|Any CPU.ActiveCfg = Debug|Any CPU
		{56E7D588-A0F9-4359-98B2-610E8EEADD4F}.Debug|Any CPU.Build.0 = Debug|Any CPU
		{56E7D588-A0F9-4359-98B2-610E8EEADD4F}.Release|Any CPU.ActiveCfg = Release|Any CPU
		{56E7D588-A0F9-4359-98B2-610E8EEADD4F}.Release|Any CPU.Build.0 = Release|Any CPU
	EndGlobalSection
	GlobalSection(SolutionProperties) = preSolution
		HideSolutionNode = FALSE
	EndGlobalSection
	GlobalSection(ExtensibilityGlobals) = postSolution
		SolutionGuid = {2E04CEF2-F0D4-446A-8836-81EE6C9D46A8}
	EndGlobalSection
EndGlobal
